// !$*UTF8*$!
{
	archiveVersion = 1;
	classes = {
	};
	objectVersion = 56;
	objects = {

/* Begin PBXBuildFile section */
		020888672987CE5C004CE340 /* AppDelegate.swift in Sources */ = {isa = PBXBuildFile; fileRef = 020888662987CE5C004CE340 /* AppDelegate.swift */; };
		020888692987CE5C004CE340 /* SceneDelegate.swift in Sources */ = {isa = PBXBuildFile; fileRef = 020888682987CE5C004CE340 /* SceneDelegate.swift */; };
		0208886B2987CE5C004CE340 /* ViewController.swift in Sources */ = {isa = PBXBuildFile; fileRef = 0208886A2987CE5C004CE340 /* ViewController.swift */; };
		0208886E2987CE5C004CE340 /* Main.storyboard in Resources */ = {isa = PBXBuildFile; fileRef = 0208886C2987CE5C004CE340 /* Main.storyboard */; };
		020888702987CE5D004CE340 /* Assets.xcassets in Resources */ = {isa = PBXBuildFile; fileRef = 0208886F2987CE5D004CE340 /* Assets.xcassets */; };
		020888732987CE5D004CE340 /* LaunchScreen.storyboard in Resources */ = {isa = PBXBuildFile; fileRef = 020888712987CE5D004CE340 /* LaunchScreen.storyboard */; };
		0208887E2987CE5D004CE340 /* iOS_Clean_Architecture_MVVM_CloneTests.swift in Sources */ = {isa = PBXBuildFile; fileRef = 0208887D2987CE5D004CE340 /* iOS_Clean_Architecture_MVVM_CloneTests.swift */; };
		020888882987CE5D004CE340 /* iOS_Clean_Architecture_MVVM_CloneUITests.swift in Sources */ = {isa = PBXBuildFile; fileRef = 020888872987CE5D004CE340 /* iOS_Clean_Architecture_MVVM_CloneUITests.swift */; };
		0208888A2987CE5D004CE340 /* iOS_Clean_Architecture_MVVM_CloneUITestsLaunchTests.swift in Sources */ = {isa = PBXBuildFile; fileRef = 020888892987CE5D004CE340 /* iOS_Clean_Architecture_MVVM_CloneUITestsLaunchTests.swift */; };
/* End PBXBuildFile section */

/* Begin PBXContainerItemProxy section */
		0208887A2987CE5D004CE340 /* PBXContainerItemProxy */ = {
			isa = PBXContainerItemProxy;
			containerPortal = 0208885B2987CE5C004CE340 /* Project object */;
			proxyType = 1;
			remoteGlobalIDString = 020888622987CE5C004CE340;
			remoteInfo = "iOS-Clean-Architecture-MVVM-Clone";
		};
		020888842987CE5D004CE340 /* PBXContainerItemProxy */ = {
			isa = PBXContainerItemProxy;
			containerPortal = 0208885B2987CE5C004CE340 /* Project object */;
			proxyType = 1;
			remoteGlobalIDString = 020888622987CE5C004CE340;
			remoteInfo = "iOS-Clean-Architecture-MVVM-Clone";
		};
/* End PBXContainerItemProxy section */

/* Begin PBXFileReference section */
		020888632987CE5C004CE340 /* iOS-Clean-Architecture-MVVM-Clone.app */ = {isa = PBXFileReference; explicitFileType = wrapper.application; includeInIndex = 0; path = "iOS-Clean-Architecture-MVVM-Clone.app"; sourceTree = BUILT_PRODUCTS_DIR; };
		020888662987CE5C004CE340 /* AppDelegate.swift */ = {isa = PBXFileReference; lastKnownFileType = sourcecode.swift; path = AppDelegate.swift; sourceTree = "<group>"; };
		020888682987CE5C004CE340 /* SceneDelegate.swift */ = {isa = PBXFileReference; lastKnownFileType = sourcecode.swift; path = SceneDelegate.swift; sourceTree = "<group>"; };
		0208886A2987CE5C004CE340 /* ViewController.swift */ = {isa = PBXFileReference; lastKnownFileType = sourcecode.swift; path = ViewController.swift; sourceTree = "<group>"; };
		0208886D2987CE5C004CE340 /* Base */ = {isa = PBXFileReference; lastKnownFileType = file.storyboard; name = Base; path = Base.lproj/Main.storyboard; sourceTree = "<group>"; };
		0208886F2987CE5D004CE340 /* Assets.xcassets */ = {isa = PBXFileReference; lastKnownFileType = folder.assetcatalog; path = Assets.xcassets; sourceTree = "<group>"; };
		020888722987CE5D004CE340 /* Base */ = {isa = PBXFileReference; lastKnownFileType = file.storyboard; name = Base; path = Base.lproj/LaunchScreen.storyboard; sourceTree = "<group>"; };
		020888742987CE5D004CE340 /* Info.plist */ = {isa = PBXFileReference; lastKnownFileType = text.plist.xml; path = Info.plist; sourceTree = "<group>"; };
		020888792987CE5D004CE340 /* iOS-Clean-Architecture-MVVM-CloneTests.xctest */ = {isa = PBXFileReference; explicitFileType = wrapper.cfbundle; includeInIndex = 0; path = "iOS-Clean-Architecture-MVVM-CloneTests.xctest"; sourceTree = BUILT_PRODUCTS_DIR; };
		0208887D2987CE5D004CE340 /* iOS_Clean_Architecture_MVVM_CloneTests.swift */ = {isa = PBXFileReference; lastKnownFileType = sourcecode.swift; path = iOS_Clean_Architecture_MVVM_CloneTests.swift; sourceTree = "<group>"; };
		020888832987CE5D004CE340 /* iOS-Clean-Architecture-MVVM-CloneUITests.xctest */ = {isa = PBXFileReference; explicitFileType = wrapper.cfbundle; includeInIndex = 0; path = "iOS-Clean-Architecture-MVVM-CloneUITests.xctest"; sourceTree = BUILT_PRODUCTS_DIR; };
		020888872987CE5D004CE340 /* iOS_Clean_Architecture_MVVM_CloneUITests.swift */ = {isa = PBXFileReference; lastKnownFileType = sourcecode.swift; path = iOS_Clean_Architecture_MVVM_CloneUITests.swift; sourceTree = "<group>"; };
		020888892987CE5D004CE340 /* iOS_Clean_Architecture_MVVM_CloneUITestsLaunchTests.swift */ = {isa = PBXFileReference; lastKnownFileType = sourcecode.swift; path = iOS_Clean_Architecture_MVVM_CloneUITestsLaunchTests.swift; sourceTree = "<group>"; };
/* End PBXFileReference section */

/* Begin PBXFrameworksBuildPhase section */
		020888602987CE5C004CE340 /* Frameworks */ = {
			isa = PBXFrameworksBuildPhase;
			buildActionMask = 2147483647;
			files = (
			);
			runOnlyForDeploymentPostprocessing = 0;
		};
		020888762987CE5D004CE340 /* Frameworks */ = {
			isa = PBXFrameworksBuildPhase;
			buildActionMask = 2147483647;
			files = (
			);
			runOnlyForDeploymentPostprocessing = 0;
		};
		020888802987CE5D004CE340 /* Frameworks */ = {
			isa = PBXFrameworksBuildPhase;
			buildActionMask = 2147483647;
			files = (
			);
			runOnlyForDeploymentPostprocessing = 0;
		};
/* End PBXFrameworksBuildPhase section */

/* Begin PBXGroup section */
		0208885A2987CE5C004CE340 = {
			isa = PBXGroup;
			children = (
				020888652987CE5C004CE340 /* iOS-Clean-Architecture-MVVM-Clone */,
				0208887C2987CE5D004CE340 /* iOS-Clean-Architecture-MVVM-CloneTests */,
				020888862987CE5D004CE340 /* iOS-Clean-Architecture-MVVM-CloneUITests */,
				020888642987CE5C004CE340 /* Products */,
			);
			sourceTree = "<group>";
		};
		020888642987CE5C004CE340 /* Products */ = {
			isa = PBXGroup;
			children = (
				020888632987CE5C004CE340 /* iOS-Clean-Architecture-MVVM-Clone.app */,
				020888792987CE5D004CE340 /* iOS-Clean-Architecture-MVVM-CloneTests.xctest */,
				020888832987CE5D004CE340 /* iOS-Clean-Architecture-MVVM-CloneUITests.xctest */,
			);
			name = Products;
			sourceTree = "<group>";
		};
		020888652987CE5C004CE340 /* iOS-Clean-Architecture-MVVM-Clone */ = {
			isa = PBXGroup;
			children = (
				020888662987CE5C004CE340 /* AppDelegate.swift */,
				020888682987CE5C004CE340 /* SceneDelegate.swift */,
				0208886A2987CE5C004CE340 /* ViewController.swift */,
				0208886C2987CE5C004CE340 /* Main.storyboard */,
				0208886F2987CE5D004CE340 /* Assets.xcassets */,
				020888712987CE5D004CE340 /* LaunchScreen.storyboard */,
				020888742987CE5D004CE340 /* Info.plist */,
			);
			path = "iOS-Clean-Architecture-MVVM-Clone";
			sourceTree = "<group>";
		};
		0208887C2987CE5D004CE340 /* iOS-Clean-Architecture-MVVM-CloneTests */ = {
			isa = PBXGroup;
			children = (
				0208887D2987CE5D004CE340 /* iOS_Clean_Architecture_MVVM_CloneTests.swift */,
			);
			path = "iOS-Clean-Architecture-MVVM-CloneTests";
			sourceTree = "<group>";
		};
		020888862987CE5D004CE340 /* iOS-Clean-Architecture-MVVM-CloneUITests */ = {
			isa = PBXGroup;
			children = (
				020888872987CE5D004CE340 /* iOS_Clean_Architecture_MVVM_CloneUITests.swift */,
				020888892987CE5D004CE340 /* iOS_Clean_Architecture_MVVM_CloneUITestsLaunchTests.swift */,
			);
			path = "iOS-Clean-Architecture-MVVM-CloneUITests";
			sourceTree = "<group>";
		};
/* End PBXGroup section */

/* Begin PBXNativeTarget section */
		020888622987CE5C004CE340 /* iOS-Clean-Architecture-MVVM-Clone */ = {
			isa = PBXNativeTarget;
			buildConfigurationList = 0208888D2987CE5D004CE340 /* Build configuration list for PBXNativeTarget "iOS-Clean-Architecture-MVVM-Clone" */;
			buildPhases = (
				0208885F2987CE5C004CE340 /* Sources */,
				020888602987CE5C004CE340 /* Frameworks */,
				020888612987CE5C004CE340 /* Resources */,
			);
			buildRules = (
			);
			dependencies = (
			);
			name = "iOS-Clean-Architecture-MVVM-Clone";
			productName = "iOS-Clean-Architecture-MVVM-Clone";
			productReference = 020888632987CE5C004CE340 /* iOS-Clean-Architecture-MVVM-Clone.app */;
			productType = "com.apple.product-type.application";
		};
		020888782987CE5D004CE340 /* iOS-Clean-Architecture-MVVM-CloneTests */ = {
			isa = PBXNativeTarget;
			buildConfigurationList = 020888902987CE5D004CE340 /* Build configuration list for PBXNativeTarget "iOS-Clean-Architecture-MVVM-CloneTests" */;
			buildPhases = (
				020888752987CE5D004CE340 /* Sources */,
				020888762987CE5D004CE340 /* Frameworks */,
				020888772987CE5D004CE340 /* Resources */,
			);
			buildRules = (
			);
			dependencies = (
				0208887B2987CE5D004CE340 /* PBXTargetDependency */,
			);
			name = "iOS-Clean-Architecture-MVVM-CloneTests";
			productName = "iOS-Clean-Architecture-MVVM-CloneTests";
			productReference = 020888792987CE5D004CE340 /* iOS-Clean-Architecture-MVVM-CloneTests.xctest */;
			productType = "com.apple.product-type.bundle.unit-test";
		};
		020888822987CE5D004CE340 /* iOS-Clean-Architecture-MVVM-CloneUITests */ = {
			isa = PBXNativeTarget;
			buildConfigurationList = 020888932987CE5D004CE340 /* Build configuration list for PBXNativeTarget "iOS-Clean-Architecture-MVVM-CloneUITests" */;
			buildPhases = (
				0208887F2987CE5D004CE340 /* Sources */,
				020888802987CE5D004CE340 /* Frameworks */,
				020888812987CE5D004CE340 /* Resources */,
			);
			buildRules = (
			);
			dependencies = (
				020888852987CE5D004CE340 /* PBXTargetDependency */,
			);
			name = "iOS-Clean-Architecture-MVVM-CloneUITests";
			productName = "iOS-Clean-Architecture-MVVM-CloneUITests";
			productReference = 020888832987CE5D004CE340 /* iOS-Clean-Architecture-MVVM-CloneUITests.xctest */;
			productType = "com.apple.product-type.bundle.ui-testing";
		};
/* End PBXNativeTarget section */

/* Begin PBXProject section */
		0208885B2987CE5C004CE340 /* Project object */ = {
			isa = PBXProject;
			attributes = {
				BuildIndependentTargetsInParallel = 1;
				LastSwiftUpdateCheck = 1400;
				LastUpgradeCheck = 1400;
				TargetAttributes = {
					020888622987CE5C004CE340 = {
						CreatedOnToolsVersion = 14.0.1;
					};
					020888782987CE5D004CE340 = {
						CreatedOnToolsVersion = 14.0.1;
						TestTargetID = 020888622987CE5C004CE340;
					};
					020888822987CE5D004CE340 = {
						CreatedOnToolsVersion = 14.0.1;
						TestTargetID = 020888622987CE5C004CE340;
					};
				};
			};
			buildConfigurationList = 0208885E2987CE5C004CE340 /* Build configuration list for PBXProject "iOS-Clean-Architecture-MVVM-Clone" */;
			compatibilityVersion = "Xcode 14.0";
			developmentRegion = en;
			hasScannedForEncodings = 0;
			knownRegions = (
				en,
				Base,
			);
			mainGroup = 0208885A2987CE5C004CE340;
			productRefGroup = 020888642987CE5C004CE340 /* Products */;
			projectDirPath = "";
			projectRoot = "";
			targets = (
				020888622987CE5C004CE340 /* iOS-Clean-Architecture-MVVM-Clone */,
				020888782987CE5D004CE340 /* iOS-Clean-Architecture-MVVM-CloneTests */,
				020888822987CE5D004CE340 /* iOS-Clean-Architecture-MVVM-CloneUITests */,
			);
		};
/* End PBXProject section */

/* Begin PBXResourcesBuildPhase section */
		020888612987CE5C004CE340 /* Resources */ = {
			isa = PBXResourcesBuildPhase;
			buildActionMask = 2147483647;
			files = (
				020888732987CE5D004CE340 /* LaunchScreen.storyboard in Resources */,
				020888702987CE5D004CE340 /* Assets.xcassets in Resources */,
				0208886E2987CE5C004CE340 /* Main.storyboard in Resources */,
			);
			runOnlyForDeploymentPostprocessing = 0;
		};
		020888772987CE5D004CE340 /* Resources */ = {
			isa = PBXResourcesBuildPhase;
			buildActionMask = 2147483647;
			files = (
			);
			runOnlyForDeploymentPostprocessing = 0;
		};
		020888812987CE5D004CE340 /* Resources */ = {
			isa = PBXResourcesBuildPhase;
			buildActionMask = 2147483647;
			files = (
			);
			runOnlyForDeploymentPostprocessing = 0;
		};
/* End PBXResourcesBuildPhase section */

/* Begin PBXSourcesBuildPhase section */
		0208885F2987CE5C004CE340 /* Sources */ = {
			isa = PBXSourcesBuildPhase;
			buildActionMask = 2147483647;
			files = (
				0208886B2987CE5C004CE340 /* ViewController.swift in Sources */,
				020888672987CE5C004CE340 /* AppDelegate.swift in Sources */,
				020888692987CE5C004CE340 /* SceneDelegate.swift in Sources */,
			);
			runOnlyForDeploymentPostprocessing = 0;
		};
		020888752987CE5D004CE340 /* Sources */ = {
			isa = PBXSourcesBuildPhase;
			buildActionMask = 2147483647;
			files = (
				0208887E2987CE5D004CE340 /* iOS_Clean_Architecture_MVVM_CloneTests.swift in Sources */,
			);
			runOnlyForDeploymentPostprocessing = 0;
		};
		0208887F2987CE5D004CE340 /* Sources */ = {
			isa = PBXSourcesBuildPhase;
			buildActionMask = 2147483647;
			files = (
				020888882987CE5D004CE340 /* iOS_Clean_Architecture_MVVM_CloneUITests.swift in Sources */,
				0208888A2987CE5D004CE340 /* iOS_Clean_Architecture_MVVM_CloneUITestsLaunchTests.swift in Sources */,
			);
			runOnlyForDeploymentPostprocessing = 0;
		};
/* End PBXSourcesBuildPhase section */

/* Begin PBXTargetDependency section */
		0208887B2987CE5D004CE340 /* PBXTargetDependency */ = {
			isa = PBXTargetDependency;
			target = 020888622987CE5C004CE340 /* iOS-Clean-Architecture-MVVM-Clone */;
			targetProxy = 0208887A2987CE5D004CE340 /* PBXContainerItemProxy */;
		};
		020888852987CE5D004CE340 /* PBXTargetDependency */ = {
			isa = PBXTargetDependency;
			target = 020888622987CE5C004CE340 /* iOS-Clean-Architecture-MVVM-Clone */;
			targetProxy = 020888842987CE5D004CE340 /* PBXContainerItemProxy */;
		};
/* End PBXTargetDependency section */

/* Begin PBXVariantGroup section */
		0208886C2987CE5C004CE340 /* Main.storyboard */ = {
			isa = PBXVariantGroup;
			children = (
				0208886D2987CE5C004CE340 /* Base */,
			);
			name = Main.storyboard;
			sourceTree = "<group>";
		};
		020888712987CE5D004CE340 /* LaunchScreen.storyboard */ = {
			isa = PBXVariantGroup;
			children = (
				020888722987CE5D004CE340 /* Base */,
			);
			name = LaunchScreen.storyboard;
			sourceTree = "<group>";
		};
/* End PBXVariantGroup section */

/* Begin XCBuildConfiguration section */
		0208888B2987CE5D004CE340 /* Debug */ = {
			isa = XCBuildConfiguration;
			buildSettings = {
				ALWAYS_SEARCH_USER_PATHS = NO;
				CLANG_ANALYZER_NONNULL = YES;
				CLANG_ANALYZER_NUMBER_OBJECT_CONVERSION = YES_AGGRESSIVE;
				CLANG_CXX_LANGUAGE_STANDARD = "gnu++20";
				CLANG_ENABLE_MODULES = YES;
				CLANG_ENABLE_OBJC_ARC = YES;
				CLANG_ENABLE_OBJC_WEAK = YES;
				CLANG_WARN_BLOCK_CAPTURE_AUTORELEASING = YES;
				CLANG_WARN_BOOL_CONVERSION = YES;
				CLANG_WARN_COMMA = YES;
				CLANG_WARN_CONSTANT_CONVERSION = YES;
				CLANG_WARN_DEPRECATED_OBJC_IMPLEMENTATIONS = YES;
				CLANG_WARN_DIRECT_OBJC_ISA_USAGE = YES_ERROR;
				CLANG_WARN_DOCUMENTATION_COMMENTS = YES;
				CLANG_WARN_EMPTY_BODY = YES;
				CLANG_WARN_ENUM_CONVERSION = YES;
				CLANG_WARN_INFINITE_RECURSION = YES;
				CLANG_WARN_INT_CONVERSION = YES;
				CLANG_WARN_NON_LITERAL_NULL_CONVERSION = YES;
				CLANG_WARN_OBJC_IMPLICIT_RETAIN_SELF = YES;
				CLANG_WARN_OBJC_LITERAL_CONVERSION = YES;
				CLANG_WARN_OBJC_ROOT_CLASS = YES_ERROR;
				CLANG_WARN_QUOTED_INCLUDE_IN_FRAMEWORK_HEADER = YES;
				CLANG_WARN_RANGE_LOOP_ANALYSIS = YES;
				CLANG_WARN_STRICT_PROTOTYPES = YES;
				CLANG_WARN_SUSPICIOUS_MOVE = YES;
				CLANG_WARN_UNGUARDED_AVAILABILITY = YES_AGGRESSIVE;
				CLANG_WARN_UNREACHABLE_CODE = YES;
				CLANG_WARN__DUPLICATE_METHOD_MATCH = YES;
				COPY_PHASE_STRIP = NO;
				DEBUG_INFORMATION_FORMAT = dwarf;
				ENABLE_STRICT_OBJC_MSGSEND = YES;
				ENABLE_TESTABILITY = YES;
				GCC_C_LANGUAGE_STANDARD = gnu11;
				GCC_DYNAMIC_NO_PIC = NO;
				GCC_NO_COMMON_BLOCKS = YES;
				GCC_OPTIMIZATION_LEVEL = 0;
				GCC_PREPROCESSOR_DEFINITIONS = (
					"DEBUG=1",
					"$(inherited)",
				);
				GCC_WARN_64_TO_32_BIT_CONVERSION = YES;
				GCC_WARN_ABOUT_RETURN_TYPE = YES_ERROR;
				GCC_WARN_UNDECLARED_SELECTOR = YES;
				GCC_WARN_UNINITIALIZED_AUTOS = YES_AGGRESSIVE;
				GCC_WARN_UNUSED_FUNCTION = YES;
				GCC_WARN_UNUSED_VARIABLE = YES;
				IPHONEOS_DEPLOYMENT_TARGET = 16.0;
				MTL_ENABLE_DEBUG_INFO = INCLUDE_SOURCE;
				MTL_FAST_MATH = YES;
				ONLY_ACTIVE_ARCH = YES;
				SDKROOT = iphoneos;
				SWIFT_ACTIVE_COMPILATION_CONDITIONS = DEBUG;
				SWIFT_OPTIMIZATION_LEVEL = "-Onone";
			};
			name = Debug;
		};
		0208888C2987CE5D004CE340 /* Release */ = {
			isa = XCBuildConfiguration;
			buildSettings = {
				ALWAYS_SEARCH_USER_PATHS = NO;
				CLANG_ANALYZER_NONNULL = YES;
				CLANG_ANALYZER_NUMBER_OBJECT_CONVERSION = YES_AGGRESSIVE;
				CLANG_CXX_LANGUAGE_STANDARD = "gnu++20";
				CLANG_ENABLE_MODULES = YES;
				CLANG_ENABLE_OBJC_ARC = YES;
				CLANG_ENABLE_OBJC_WEAK = YES;
				CLANG_WARN_BLOCK_CAPTURE_AUTORELEASING = YES;
				CLANG_WARN_BOOL_CONVERSION = YES;
				CLANG_WARN_COMMA = YES;
				CLANG_WARN_CONSTANT_CONVERSION = YES;
				CLANG_WARN_DEPRECATED_OBJC_IMPLEMENTATIONS = YES;
				CLANG_WARN_DIRECT_OBJC_ISA_USAGE = YES_ERROR;
				CLANG_WARN_DOCUMENTATION_COMMENTS = YES;
				CLANG_WARN_EMPTY_BODY = YES;
				CLANG_WARN_ENUM_CONVERSION = YES;
				CLANG_WARN_INFINITE_RECURSION = YES;
				CLANG_WARN_INT_CONVERSION = YES;
				CLANG_WARN_NON_LITERAL_NULL_CONVERSION = YES;
				CLANG_WARN_OBJC_IMPLICIT_RETAIN_SELF = YES;
				CLANG_WARN_OBJC_LITERAL_CONVERSION = YES;
				CLANG_WARN_OBJC_ROOT_CLASS = YES_ERROR;
				CLANG_WARN_QUOTED_INCLUDE_IN_FRAMEWORK_HEADER = YES;
				CLANG_WARN_RANGE_LOOP_ANALYSIS = YES;
				CLANG_WARN_STRICT_PROTOTYPES = YES;
				CLANG_WARN_SUSPICIOUS_MOVE = YES;
				CLANG_WARN_UNGUARDED_AVAILABILITY = YES_AGGRESSIVE;
				CLANG_WARN_UNREACHABLE_CODE = YES;
				CLANG_WARN__DUPLICATE_METHOD_MATCH = YES;
				COPY_PHASE_STRIP = NO;
				DEBUG_INFORMATION_FORMAT = "dwarf-with-dsym";
				ENABLE_NS_ASSERTIONS = NO;
				ENABLE_STRICT_OBJC_MSGSEND = YES;
				GCC_C_LANGUAGE_STANDARD = gnu11;
				GCC_NO_COMMON_BLOCKS = YES;
				GCC_WARN_64_TO_32_BIT_CONVERSION = YES;
				GCC_WARN_ABOUT_RETURN_TYPE = YES_ERROR;
				GCC_WARN_UNDECLARED_SELECTOR = YES;
				GCC_WARN_UNINITIALIZED_AUTOS = YES_AGGRESSIVE;
				GCC_WARN_UNUSED_FUNCTION = YES;
				GCC_WARN_UNUSED_VARIABLE = YES;
				IPHONEOS_DEPLOYMENT_TARGET = 16.0;
				MTL_ENABLE_DEBUG_INFO = NO;
				MTL_FAST_MATH = YES;
				SDKROOT = iphoneos;
				SWIFT_COMPILATION_MODE = wholemodule;
				SWIFT_OPTIMIZATION_LEVEL = "-O";
				VALIDATE_PRODUCT = YES;
			};
			name = Release;
		};
		0208888E2987CE5D004CE340 /* Debug */ = {
			isa = XCBuildConfiguration;
			buildSettings = {
				ASSETCATALOG_COMPILER_APPICON_NAME = AppIcon;
				ASSETCATALOG_COMPILER_GLOBAL_ACCENT_COLOR_NAME = AccentColor;
				CODE_SIGN_STYLE = Automatic;
				CURRENT_PROJECT_VERSION = 1;
				DEVELOPMENT_TEAM = 8AN45VBDM4;
				GENERATE_INFOPLIST_FILE = YES;
				INFOPLIST_FILE = "iOS-Clean-Architecture-MVVM-Clone/Info.plist";
				INFOPLIST_KEY_UIApplicationSupportsIndirectInputEvents = YES;
				INFOPLIST_KEY_UILaunchStoryboardName = LaunchScreen;
				INFOPLIST_KEY_UIMainStoryboardFile = Main;
				INFOPLIST_KEY_UISupportedInterfaceOrientations_iPad = "UIInterfaceOrientationPortrait UIInterfaceOrientationPortraitUpsideDown UIInterfaceOrientationLandscapeLeft UIInterfaceOrientationLandscapeRight";
				INFOPLIST_KEY_UISupportedInterfaceOrientations_iPhone = "UIInterfaceOrientationPortrait UIInterfaceOrientationLandscapeLeft UIInterfaceOrientationLandscapeRight";
				LD_RUNPATH_SEARCH_PATHS = (
					"$(inherited)",
					"@executable_path/Frameworks",
				);
				MARKETING_VERSION = 1.0;
				PRODUCT_BUNDLE_IDENTIFIER = "hyunndyiOS.iOS-Clean-Architecture-MVVM-Clone";
				PRODUCT_NAME = "$(TARGET_NAME)";
				SWIFT_EMIT_LOC_STRINGS = YES;
				SWIFT_VERSION = 5.0;
				TARGETED_DEVICE_FAMILY = "1,2";
			};
			name = Debug;
		};
		0208888F2987CE5D004CE340 /* Release */ = {
			isa = XCBuildConfiguration;
			buildSettings = {
				ASSETCATALOG_COMPILER_APPICON_NAME = AppIcon;
				ASSETCATALOG_COMPILER_GLOBAL_ACCENT_COLOR_NAME = AccentColor;
				CODE_SIGN_STYLE = Automatic;
				CURRENT_PROJECT_VERSION = 1;
				DEVELOPMENT_TEAM = 8AN45VBDM4;
				GENERATE_INFOPLIST_FILE = YES;
				INFOPLIST_FILE = "iOS-Clean-Architecture-MVVM-Clone/Info.plist";
				INFOPLIST_KEY_UIApplicationSupportsIndirectInputEvents = YES;
				INFOPLIST_KEY_UILaunchStoryboardName = LaunchScreen;
				INFOPLIST_KEY_UIMainStoryboardFile = Main;
				INFOPLIST_KEY_UISupportedInterfaceOrientations_iPad = "UIInterfaceOrientationPortrait UIInterfaceOrientationPortraitUpsideDown UIInterfaceOrientationLandscapeLeft UIInterfaceOrientationLandscapeRight";
				INFOPLIST_KEY_UISupportedInterfaceOrientations_iPhone = "UIInterfaceOrientationPortrait UIInterfaceOrientationLandscapeLeft UIInterfaceOrientationLandscapeRight";
				LD_RUNPATH_SEARCH_PATHS = (
					"$(inherited)",
					"@executable_path/Frameworks",
				);
				MARKETING_VERSION = 1.0;
				PRODUCT_BUNDLE_IDENTIFIER = "hyunndyiOS.iOS-Clean-Architecture-MVVM-Clone";
				PRODUCT_NAME = "$(TARGET_NAME)";
				SWIFT_EMIT_LOC_STRINGS = YES;
				SWIFT_VERSION = 5.0;
				TARGETED_DEVICE_FAMILY = "1,2";
			};
			name = Release;
		};
		020888912987CE5D004CE340 /* Debug */ = {
			isa = XCBuildConfiguration;
			buildSettings = {
				ALWAYS_EMBED_SWIFT_STANDARD_LIBRARIES = YES;
				BUNDLE_LOADER = "$(TEST_HOST)";
				CODE_SIGN_STYLE = Automatic;
				CURRENT_PROJECT_VERSION = 1;
				DEVELOPMENT_TEAM = 8AN45VBDM4;
				GENERATE_INFOPLIST_FILE = YES;
				IPHONEOS_DEPLOYMENT_TARGET = 16.0;
				MARKETING_VERSION = 1.0;
				PRODUCT_BUNDLE_IDENTIFIER = "hyunndyiOS.iOS-Clean-Architecture-MVVM-CloneTests";
				PRODUCT_NAME = "$(TARGET_NAME)";
				SWIFT_EMIT_LOC_STRINGS = NO;
				SWIFT_VERSION = 5.0;
				TARGETED_DEVICE_FAMILY = "1,2";
				TEST_HOST = "$(BUILT_PRODUCTS_DIR)/iOS-Clean-Architecture-MVVM-Clone.app/$(BUNDLE_EXECUTABLE_FOLDER_PATH)/iOS-Clean-Architecture-MVVM-Clone";
			};
			name = Debug;
		};
		020888922987CE5D004CE340 /* Release */ = {
			isa = XCBuildConfiguration;
			buildSettings = {
				ALWAYS_EMBED_SWIFT_STANDARD_LIBRARIES = YES;
				BUNDLE_LOADER = "$(TEST_HOST)";
				CODE_SIGN_STYLE = Automatic;
				CURRENT_PROJECT_VERSION = 1;
				DEVELOPMENT_TEAM = 8AN45VBDM4;
				GENERATE_INFOPLIST_FILE = YES;
				IPHONEOS_DEPLOYMENT_TARGET = 16.0;
				MARKETING_VERSION = 1.0;
				PRODUCT_BUNDLE_IDENTIFIER = "hyunndyiOS.iOS-Clean-Architecture-MVVM-CloneTests";
				PRODUCT_NAME = "$(TARGET_NAME)";
				SWIFT_EMIT_LOC_STRINGS = NO;
				SWIFT_VERSION = 5.0;
				TARGETED_DEVICE_FAMILY = "1,2";
				TEST_HOST = "$(BUILT_PRODUCTS_DIR)/iOS-Clean-Architecture-MVVM-Clone.app/$(BUNDLE_EXECUTABLE_FOLDER_PATH)/iOS-Clean-Architecture-MVVM-Clone";
			};
			name = Release;
		};
		020888942987CE5D004CE340 /* Debug */ = {
			isa = XCBuildConfiguration;
			buildSettings = {
				ALWAYS_EMBED_SWIFT_STANDARD_LIBRARIES = YES;
				CODE_SIGN_STYLE = Automatic;
				CURRENT_PROJECT_VERSION = 1;
				DEVELOPMENT_TEAM = 8AN45VBDM4;
				GENERATE_INFOPLIST_FILE = YES;
				MARKETING_VERSION = 1.0;
				PRODUCT_BUNDLE_IDENTIFIER = "hyunndyiOS.iOS-Clean-Architecture-MVVM-CloneUITests";
				PRODUCT_NAME = "$(TARGET_NAME)";
				SWIFT_EMIT_LOC_STRINGS = NO;
				SWIFT_VERSION = 5.0;
				TARGETED_DEVICE_FAMILY = "1,2";
				TEST_TARGET_NAME = "iOS-Clean-Architecture-MVVM-Clone";
			};
			name = Debug;
		};
		020888952987CE5D004CE340 /* Release */ = {
			isa = XCBuildConfiguration;
			buildSettings = {
				ALWAYS_EMBED_SWIFT_STANDARD_LIBRARIES = YES;
				CODE_SIGN_STYLE = Automatic;
				CURRENT_PROJECT_VERSION = 1;
				DEVELOPMENT_TEAM = 8AN45VBDM4;
				GENERATE_INFOPLIST_FILE = YES;
				MARKETING_VERSION = 1.0;
				PRODUCT_BUNDLE_IDENTIFIER = "hyunndyiOS.iOS-Clean-Architecture-MVVM-CloneUITests";
				PRODUCT_NAME = "$(TARGET_NAME)";
				SWIFT_EMIT_LOC_STRINGS = NO;
				SWIFT_VERSION = 5.0;
				TARGETED_DEVICE_FAMILY = "1,2";
				TEST_TARGET_NAME = "iOS-Clean-Architecture-MVVM-Clone";
			};
			name = Release;
		};
/* End XCBuildConfiguration section */

/* Begin XCConfigurationList section */
		0208885E2987CE5C004CE340 /* Build configuration list for PBXProject "iOS-Clean-Architecture-MVVM-Clone" */ = {
			isa = XCConfigurationList;
			buildConfigurations = (
				0208888B2987CE5D004CE340 /* Debug */,
				0208888C2987CE5D004CE340 /* Release */,
			);
			defaultConfigurationIsVisible = 0;
			defaultConfigurationName = Release;
		};
		0208888D2987CE5D004CE340 /* Build configuration list for PBXNativeTarget "iOS-Clean-Architecture-MVVM-Clone" */ = {
			isa = XCConfigurationList;
			buildConfigurations = (
				0208888E2987CE5D004CE340 /* Debug */,
				0208888F2987CE5D004CE340 /* Release */,
			);
			defaultConfigurationIsVisible = 0;
			defaultConfigurationName = Release;
		};
		020888902987CE5D004CE340 /* Build configuration list for PBXNativeTarget "iOS-Clean-Architecture-MVVM-CloneTests" */ = {
			isa = XCConfigurationList;
			buildConfigurations = (
				020888912987CE5D004CE340 /* Debug */,
				020888922987CE5D004CE340 /* Release */,
			);
			defaultConfigurationIsVisible = 0;
			defaultConfigurationName = Release;
		};
		020888932987CE5D004CE340 /* Build configuration list for PBXNativeTarget "iOS-Clean-Architecture-MVVM-CloneUITests" */ = {
			isa = XCConfigurationList;
			buildConfigurations = (
				020888942987CE5D004CE340 /* Debug */,
				020888952987CE5D004CE340 /* Release */,
			);
			defaultConfigurationIsVisible = 0;
			defaultConfigurationName = Release;
		};
/* End XCConfigurationList section */
	};
	rootObject = 0208885B2987CE5C004CE340 /* Project object */;
}
